
Microsoft Visual Studio Solution File, Format Version 12.00
# Visual Studio Version 17
VisualStudioVersion = 17.4.33213.308
MinimumVisualStudioVersion = 10.0.40219.1
Project("{FAE04EC0-301F-11D3-BF4B-00C04F79EFBC}") = "lab_2-1", "lab_2-1\lab_2-1.csproj", "{506AE1D6-0C74-49C9-BD12-5526C877E38D}"
EndProject
Project("{FAE04EC0-301F-11D3-BF4B-00C04F79EFBC}") = "lab_2-2", "..\lab_2-2\lab_2-2.csproj", "{3DF8DF01-AC18-46F5-BB96-9CED5B7605DF}"
EndProject
Global
	GlobalSection(SolutionConfigurationPlatforms) = preSolution
		Debug|Any CPU = Debug|Any CPU
		Release|Any CPU = Release|Any CPU
	EndGlobalSection
	GlobalSection(ProjectConfigurationPlatforms) = postSolution
		{506AE1D6-0C74-49C9-BD12-5526C877E38D}.Debug|Any CPU.ActiveCfg = Debug|Any CPU
		{506AE1D6-0C74-49C9-BD12-5526C877E38D}.Debug|Any CPU.Build.0 = Debug|Any CPU
		{506AE1D6-0C74-49C9-BD12-5526C877E38D}.Release|Any CPU.ActiveCfg = Release|Any CPU
		{506AE1D6-0C74-49C9-BD12-5526C877E38D}.Release|Any CPU.Build.0 = Release|Any CPU
		{3DF8DF01-AC18-46F5-BB96-9CED5B7605DF}.Debug|Any CPU.ActiveCfg = Debug|Any CPU
		{3DF8DF01-AC18-46F5-BB96-9CED5B7605DF}.Debug|Any CPU.Build.0 = Debug|Any CPU
		{3DF8DF01-AC18-46F5-BB96-9CED5B7605DF}.Release|Any CPU.ActiveCfg = Release|Any CPU
		{3DF8DF01-AC18-46F5-BB96-9CED5B7605DF}.Release|Any CPU.Build.0 = Release|Any CPU
	EndGlobalSection
	GlobalSection(SolutionProperties) = preSolution
		HideSolutionNode = FALSE
	EndGlobalSection
	GlobalSection(ExtensibilityGlobals) = postSolution
		SolutionGuid = {241D1C78-37F9-4851-A3B9-E92A0AD80B9C}
	EndGlobalSection
EndGlobal
